
Microsoft Visual Studio Solution File, Format Version 12.00
# Visual Studio Version 16
VisualStudioVersion = 16.0.31624.102
MinimumVisualStudioVersion = 10.0.40219.1
Project("{FAE04EC0-301F-11D3-BF4B-00C04F79EFBC}") = "Functions", "Functions\Functions.csproj", "{FB473873-BF7C-4EAE-B4E0-4F8147BA933C}"
EndProject
Project("{FAE04EC0-301F-11D3-BF4B-00C04F79EFBC}") = "UsernameData", "UsernameData\UsernameData.csproj", "{81AF005F-2D58-499F-BF11-4D1ED42F79D5}"
EndProject
Project("{FAE04EC0-301F-11D3-BF4B-00C04F79EFBC}") = "UsernameDataTask", "UsernameDataTask\UsernameDataTask.csproj", "{64D48A5A-4F39-4C7C-BE1F-D988D063B2E2}"
EndProject
Global
	GlobalSection(SolutionConfigurationPlatforms) = preSolution
		Debug|Any CPU = Debug|Any CPU
		Release|Any CPU = Release|Any CPU
	EndGlobalSection
	GlobalSection(ProjectConfigurationPlatforms) = postSolution
		{FB473873-BF7C-4EAE-B4E0-4F8147BA933C}.Debug|Any CPU.ActiveCfg = Debug|Any CPU
		{FB473873-BF7C-4EAE-B4E0-4F8147BA933C}.Debug|Any CPU.Build.0 = Debug|Any CPU
		{FB473873-BF7C-4EAE-B4E0-4F8147BA933C}.Release|Any CPU.ActiveCfg = Release|Any CPU
		{FB473873-BF7C-4EAE-B4E0-4F8147BA933C}.Release|Any CPU.Build.0 = Release|Any CPU
		{81AF005F-2D58-499F-BF11-4D1ED42F79D5}.Debug|Any CPU.ActiveCfg = Debug|Any CPU
		{81AF005F-2D58-499F-BF11-4D1ED42F79D5}.Debug|Any CPU.Build.0 = Debug|Any CPU
		{81AF005F-2D58-499F-BF11-4D1ED42F79D5}.Release|Any CPU.ActiveCfg = Release|Any CPU
		{81AF005F-2D58-499F-BF11-4D1ED42F79D5}.Release|Any CPU.Build.0 = Release|Any CPU
		{64D48A5A-4F39-4C7C-BE1F-D988D063B2E2}.Debug|Any CPU.ActiveCfg = Debug|Any CPU
		{64D48A5A-4F39-4C7C-BE1F-D988D063B2E2}.Debug|Any CPU.Build.0 = Debug|Any CPU
		{64D48A5A-4F39-4C7C-BE1F-D988D063B2E2}.Release|Any CPU.ActiveCfg = Release|Any CPU
		{64D48A5A-4F39-4C7C-BE1F-D988D063B2E2}.Release|Any CPU.Build.0 = Release|Any CPU
	EndGlobalSection
	GlobalSection(SolutionProperties) = preSolution
		HideSolutionNode = FALSE
	EndGlobalSection
	GlobalSection(ExtensibilityGlobals) = postSolution
		SolutionGuid = {453A85E8-E848-4956-8BA9-9E1890982D80}
	EndGlobalSection
EndGlobal
